
Microsoft Visual Studio Solution File, Format Version 12.00
# Visual Studio 14
VisualStudioVersion = 14.0.25420.1
MinimumVisualStudioVersion = 10.0.40219.1
Project("{FAE04EC0-301F-11D3-BF4B-00C04F79EFBC}") = "Presentation", "MVC_Using_Angular\Presentation.csproj", "{837E707B-E3FA-41E6-AA1F-0A2B4A487F75}"
EndProject
Project("{2150E333-8FDC-42A3-9474-1A3956D46DE8}") = "1-Presentation", "1-Presentation", "{35AB8AB3-6F37-4362-98A5-7EB022319359}"
EndProject
Project("{2150E333-8FDC-42A3-9474-1A3956D46DE8}") = "3-Domain", "3-Domain", "{66EA5FF4-41C7-4740-92E3-8F65B00DE637}"
EndProject
Project("{2150E333-8FDC-42A3-9474-1A3956D46DE8}") = "4-Infra", "4-Infra", "{767EA91C-392A-4CCA-B038-B3712B2C541F}"
EndProject
Project("{FAE04EC0-301F-11D3-BF4B-00C04F79EFBC}") = "Domains", "Domains\Domains.csproj", "{745EB088-AADF-41DD-9846-C881E5908160}"
EndProject
Project("{2150E333-8FDC-42A3-9474-1A3956D46DE8}") = "4.1- Data", "4.1- Data", "{785BA210-1786-4D93-BD13-63E96B0E07A6}"
EndProject
Project("{FAE04EC0-301F-11D3-BF4B-00C04F79EFBC}") = "RepositoryEntity", "RepositoryEntity\RepositoryEntity.csproj", "{745B683C-F86C-4BD0-B958-83D0B4155B7C}"
EndProject
Project("{2150E333-8FDC-42A3-9474-1A3956D46DE8}") = "4.2 CrossCutting", "4.2 CrossCutting", "{542D580A-F133-4830-AE8A-00233B5FF9A8}"
EndProject
Project("{2150E333-8FDC-42A3-9474-1A3956D46DE8}") = "2 - Application", "2 - Application", "{244E1C1D-2463-457C-A85E-FEE99BFE2995}"
EndProject
Project("{FAE04EC0-301F-11D3-BF4B-00C04F79EFBC}") = "Application", "Application\Application.csproj", "{67227B63-8C9F-48CA-9D4E-2195956B4451}"
EndProject
Project("{FAE04EC0-301F-11D3-BF4B-00C04F79EFBC}") = "Ioc", "Ioc\Ioc.csproj", "{46C73CC3-7F60-4BF4-9765-84556BFB21DB}"
EndProject
Project("{FAE04EC0-301F-11D3-BF4B-00C04F79EFBC}") = "DTO", "DTO\DTO.csproj", "{AF53F163-28FD-48E6-899D-CC7868D35A85}"
EndProject
Project("{2150E333-8FDC-42A3-9474-1A3956D46DE8}") = "4.3 Util", "4.3 Util", "{B32EB15D-97E4-4D47-B5D6-BFA4D262DB8C}"
EndProject
Project("{FAE04EC0-301F-11D3-BF4B-00C04F79EFBC}") = "Util", "Util\Util.csproj", "{18AE621E-A0E2-4689-B6A8-DDEBA0FD1475}"
EndProject
Project("{FAE04EC0-301F-11D3-BF4B-00C04F79EFBC}") = "Repository", "Repository\Repository.csproj", "{B4190957-92CF-461E-9D73-E4E33E36E2B0}"
EndProject
Project("{FAE04EC0-301F-11D3-BF4B-00C04F79EFBC}") = "TesteRepository", "TesteRepository\TesteRepository.csproj", "{06EC65AE-CB91-43B2-A5E5-A5082B5A042C}"
EndProject
Project("{2150E333-8FDC-42A3-9474-1A3956D46DE8}") = "5-diversos", "5-diversos", "{9BB23639-00A2-426B-B4AD-D5A898F8B935}"
	ProjectSection(SolutionItems) = preProject
		..\sql.sql = ..\sql.sql
	EndProjectSection
EndProject
Global
	GlobalSection(SolutionConfigurationPlatforms) = preSolution
		Debug - Mock ImageNow|Any CPU = Debug - Mock ImageNow|Any CPU
		Debug|Any CPU = Debug|Any CPU
		Release|Any CPU = Release|Any CPU
	EndGlobalSection
	GlobalSection(ProjectConfigurationPlatforms) = postSolution
		{837E707B-E3FA-41E6-AA1F-0A2B4A487F75}.Debug - Mock ImageNow|Any CPU.ActiveCfg = Debug|Any CPU
		{837E707B-E3FA-41E6-AA1F-0A2B4A487F75}.Debug - Mock ImageNow|Any CPU.Build.0 = Debug|Any CPU
		{837E707B-E3FA-41E6-AA1F-0A2B4A487F75}.Debug|Any CPU.ActiveCfg = Debug|Any CPU
		{837E707B-E3FA-41E6-AA1F-0A2B4A487F75}.Debug|Any CPU.Build.0 = Debug|Any CPU
		{837E707B-E3FA-41E6-AA1F-0A2B4A487F75}.Release|Any CPU.ActiveCfg = Release|Any CPU
		{837E707B-E3FA-41E6-AA1F-0A2B4A487F75}.Release|Any CPU.Build.0 = Release|Any CPU
		{745EB088-AADF-41DD-9846-C881E5908160}.Debug - Mock ImageNow|Any CPU.ActiveCfg = Debug|Any CPU
		{745EB088-AADF-41DD-9846-C881E5908160}.Debug - Mock ImageNow|Any CPU.Build.0 = Debug|Any CPU
		{745EB088-AADF-41DD-9846-C881E5908160}.Debug|Any CPU.ActiveCfg = Debug|Any CPU
		{745EB088-AADF-41DD-9846-C881E5908160}.Debug|Any CPU.Build.0 = Debug|Any CPU
		{745EB088-AADF-41DD-9846-C881E5908160}.Release|Any CPU.ActiveCfg = Release|Any CPU
		{745EB088-AADF-41DD-9846-C881E5908160}.Release|Any CPU.Build.0 = Release|Any CPU
		{745B683C-F86C-4BD0-B958-83D0B4155B7C}.Debug - Mock ImageNow|Any CPU.ActiveCfg = Debug|Any CPU
		{745B683C-F86C-4BD0-B958-83D0B4155B7C}.Debug - Mock ImageNow|Any CPU.Build.0 = Debug|Any CPU
		{745B683C-F86C-4BD0-B958-83D0B4155B7C}.Debug|Any CPU.ActiveCfg = Debug|Any CPU
		{745B683C-F86C-4BD0-B958-83D0B4155B7C}.Debug|Any CPU.Build.0 = Debug|Any CPU
		{745B683C-F86C-4BD0-B958-83D0B4155B7C}.Release|Any CPU.ActiveCfg = Release|Any CPU
		{745B683C-F86C-4BD0-B958-83D0B4155B7C}.Release|Any CPU.Build.0 = Release|Any CPU
		{67227B63-8C9F-48CA-9D4E-2195956B4451}.Debug - Mock ImageNow|Any CPU.ActiveCfg = Debug|Any CPU
		{67227B63-8C9F-48CA-9D4E-2195956B4451}.Debug - Mock ImageNow|Any CPU.Build.0 = Debug|Any CPU
		{67227B63-8C9F-48CA-9D4E-2195956B4451}.Debug|Any CPU.ActiveCfg = Debug|Any CPU
		{67227B63-8C9F-48CA-9D4E-2195956B4451}.Debug|Any CPU.Build.0 = Debug|Any CPU
		{67227B63-8C9F-48CA-9D4E-2195956B4451}.Release|Any CPU.ActiveCfg = Release|Any CPU
		{67227B63-8C9F-48CA-9D4E-2195956B4451}.Release|Any CPU.Build.0 = Release|Any CPU
		{46C73CC3-7F60-4BF4-9765-84556BFB21DB}.Debug - Mock ImageNow|Any CPU.ActiveCfg = Debug|Any CPU
		{46C73CC3-7F60-4BF4-9765-84556BFB21DB}.Debug - Mock ImageNow|Any CPU.Build.0 = Debug|Any CPU
		{46C73CC3-7F60-4BF4-9765-84556BFB21DB}.Debug|Any CPU.ActiveCfg = Debug|Any CPU
		{46C73CC3-7F60-4BF4-9765-84556BFB21DB}.Debug|Any CPU.Build.0 = Debug|Any CPU
		{46C73CC3-7F60-4BF4-9765-84556BFB21DB}.Release|Any CPU.ActiveCfg = Release|Any CPU
		{46C73CC3-7F60-4BF4-9765-84556BFB21DB}.Release|Any CPU.Build.0 = Release|Any CPU
		{AF53F163-28FD-48E6-899D-CC7868D35A85}.Debug - Mock ImageNow|Any CPU.ActiveCfg = Debug|Any CPU
		{AF53F163-28FD-48E6-899D-CC7868D35A85}.Debug - Mock ImageNow|Any CPU.Build.0 = Debug|Any CPU
		{AF53F163-28FD-48E6-899D-CC7868D35A85}.Debug|Any CPU.ActiveCfg = Debug|Any CPU
		{AF53F163-28FD-48E6-899D-CC7868D35A85}.Debug|Any CPU.Build.0 = Debug|Any CPU
		{AF53F163-28FD-48E6-899D-CC7868D35A85}.Release|Any CPU.ActiveCfg = Release|Any CPU
		{AF53F163-28FD-48E6-899D-CC7868D35A85}.Release|Any CPU.Build.0 = Release|Any CPU
		{18AE621E-A0E2-4689-B6A8-DDEBA0FD1475}.Debug - Mock ImageNow|Any CPU.ActiveCfg = Debug|Any CPU
		{18AE621E-A0E2-4689-B6A8-DDEBA0FD1475}.Debug - Mock ImageNow|Any CPU.Build.0 = Debug|Any CPU
		{18AE621E-A0E2-4689-B6A8-DDEBA0FD1475}.Debug|Any CPU.ActiveCfg = Debug|Any CPU
		{18AE621E-A0E2-4689-B6A8-DDEBA0FD1475}.Debug|Any CPU.Build.0 = Debug|Any CPU
		{18AE621E-A0E2-4689-B6A8-DDEBA0FD1475}.Release|Any CPU.ActiveCfg = Release|Any CPU
		{18AE621E-A0E2-4689-B6A8-DDEBA0FD1475}.Release|Any CPU.Build.0 = Release|Any CPU
		{B4190957-92CF-461E-9D73-E4E33E36E2B0}.Debug - Mock ImageNow|Any CPU.ActiveCfg = Debug|Any CPU
		{B4190957-92CF-461E-9D73-E4E33E36E2B0}.Debug - Mock ImageNow|Any CPU.Build.0 = Debug|Any CPU
		{B4190957-92CF-461E-9D73-E4E33E36E2B0}.Debug|Any CPU.ActiveCfg = Debug|Any CPU
		{B4190957-92CF-461E-9D73-E4E33E36E2B0}.Debug|Any CPU.Build.0 = Debug|Any CPU
		{B4190957-92CF-461E-9D73-E4E33E36E2B0}.Release|Any CPU.ActiveCfg = Release|Any CPU
		{B4190957-92CF-461E-9D73-E4E33E36E2B0}.Release|Any CPU.Build.0 = Release|Any CPU
		{06EC65AE-CB91-43B2-A5E5-A5082B5A042C}.Debug - Mock ImageNow|Any CPU.ActiveCfg = Debug|Any CPU
		{06EC65AE-CB91-43B2-A5E5-A5082B5A042C}.Debug - Mock ImageNow|Any CPU.Build.0 = Debug|Any CPU
		{06EC65AE-CB91-43B2-A5E5-A5082B5A042C}.Debug|Any CPU.ActiveCfg = Debug|Any CPU
		{06EC65AE-CB91-43B2-A5E5-A5082B5A042C}.Debug|Any CPU.Build.0 = Debug|Any CPU
		{06EC65AE-CB91-43B2-A5E5-A5082B5A042C}.Release|Any CPU.ActiveCfg = Release|Any CPU
		{06EC65AE-CB91-43B2-A5E5-A5082B5A042C}.Release|Any CPU.Build.0 = Release|Any CPU
	EndGlobalSection
	GlobalSection(SolutionProperties) = preSolution
		HideSolutionNode = FALSE
	EndGlobalSection
	GlobalSection(NestedProjects) = preSolution
		{837E707B-E3FA-41E6-AA1F-0A2B4A487F75} = {35AB8AB3-6F37-4362-98A5-7EB022319359}
		{745EB088-AADF-41DD-9846-C881E5908160} = {66EA5FF4-41C7-4740-92E3-8F65B00DE637}
		{785BA210-1786-4D93-BD13-63E96B0E07A6} = {767EA91C-392A-4CCA-B038-B3712B2C541F}
		{745B683C-F86C-4BD0-B958-83D0B4155B7C} = {785BA210-1786-4D93-BD13-63E96B0E07A6}
		{542D580A-F133-4830-AE8A-00233B5FF9A8} = {767EA91C-392A-4CCA-B038-B3712B2C541F}
		{67227B63-8C9F-48CA-9D4E-2195956B4451} = {244E1C1D-2463-457C-A85E-FEE99BFE2995}
		{46C73CC3-7F60-4BF4-9765-84556BFB21DB} = {542D580A-F133-4830-AE8A-00233B5FF9A8}
		{AF53F163-28FD-48E6-899D-CC7868D35A85} = {542D580A-F133-4830-AE8A-00233B5FF9A8}
		{B32EB15D-97E4-4D47-B5D6-BFA4D262DB8C} = {767EA91C-392A-4CCA-B038-B3712B2C541F}
		{18AE621E-A0E2-4689-B6A8-DDEBA0FD1475} = {B32EB15D-97E4-4D47-B5D6-BFA4D262DB8C}
		{B4190957-92CF-461E-9D73-E4E33E36E2B0} = {785BA210-1786-4D93-BD13-63E96B0E07A6}
		{06EC65AE-CB91-43B2-A5E5-A5082B5A042C} = {785BA210-1786-4D93-BD13-63E96B0E07A6}
	EndGlobalSection
EndGlobal
